// !$*UTF8*$!
{
	archiveVersion = 1;
	classes = {
	};
	objectVersion = 77;
	objects = {

/* Begin PBXBuildFile section */
		A1000003000000000000000A /* Supabase in Frameworks */ = {isa = PBXBuildFile; productRef = A1000002000000000000000A /* Supabase */; };
		D5D7BB0000000000DEF73940 /* doitActivityWidgetExtension.appex in Embed Foundation Extensions */ = {isa = PBXBuildFile; fileRef = D5D7BB0000000000DEF73911 /* doitActivityWidgetExtension.appex */; settings = {ATTRIBUTES = (RemoveHeadersOnCopy, ); }; };
/* End PBXBuildFile section */

/* Begin PBXContainerItemProxy section */
		D5D7BAA62FC9038F00DEF739 /* PBXContainerItemProxy */ = {
			isa = PBXContainerItemProxy;
			containerPortal = D5D7BA902FC9038E00DEF739 /* Project object */;
			proxyType = 1;
			remoteGlobalIDString = D5D7BA972FC9038E00DEF739;
			remoteInfo = doit;
		};
		D5D7BAB02FC9038F00DEF739 /* PBXContainerItemProxy */ = {
			isa = PBXContainerItemProxy;
			containerPortal = D5D7BA902FC9038E00DEF739 /* Project object */;
			proxyType = 1;
			remoteGlobalIDString = D5D7BA972FC9038E00DEF739;
			remoteInfo = doit;
		};
		D5D7BB0000000000DEF73930 /* PBXContainerItemProxy */ = {
			isa = PBXContainerItemProxy;
			containerPortal = D5D7BA902FC9038E00DEF739 /* Project object */;
			proxyType = 1;
			remoteGlobalIDString = D5D7BB0000000000DEF73910;
			remoteInfo = doitActivityWidgetExtension;
		};
/* End PBXContainerItemProxy section */

/* Begin PBXCopyFilesBuildPhase section */
		D5D7BB0000000000DEF73923 /* Embed Foundation Extensions */ = {
			isa = PBXCopyFilesBuildPhase;
			buildActionMask = 2147483647;
			dstPath = "";
			dstSubfolderSpec = 13;
			files = (
				D5D7BB0000000000DEF73940 /* doitActivityWidgetExtension.appex in Embed Foundation Extensions */,
			);
			name = "Embed Foundation Extensions";
			runOnlyForDeploymentPostprocessing = 0;
		};
/* End PBXCopyFilesBuildPhase section */

/* Begin PBXFileReference section */
		D5D7BA982FC9038E00DEF739 /* doit.app */ = {isa = PBXFileReference; explicitFileType = wrapper.application; includeInIndex = 0; path = doit.app; sourceTree = BUILT_PRODUCTS_DIR; };
		D5D7BAA52FC9038F00DEF739 /* doitTests.xctest */ = {isa = PBXFileReference; explicitFileType = wrapper.cfbundle; includeInIndex = 0; path = doitTests.xctest; sourceTree = BUILT_PRODUCTS_DIR; };
		D5D7BAAF2FC9038F00DEF739 /* doitUITests.xctest */ = {isa = PBXFileReference; explicitFileType = wrapper.cfbundle; includeInIndex = 0; path = doitUITests.xctest; sourceTree = BUILT_PRODUCTS_DIR; };
		D5D7BB0000000000DEF73911 /* doitActivityWidgetExtension.appex */ = {isa = PBXFileReference; explicitFileType = "wrapper.app-extension"; includeInIndex = 0; path = doitActivityWidgetExtension.appex; sourceTree = BUILT_PRODUCTS_DIR; };
/* End PBXFileReference section */

/* Begin PBXFileSystemSynchronizedRootGroup section */
		D5D7BA9A2FC9038E00DEF739 /* doit */ = {
			isa = PBXFileSystemSynchronizedRootGroup;
			path = doit;
			sourceTree = "<group>";
		};
		D5D7BB0000000000DEF73901 /* Shared */ = {
			isa = PBXFileSystemSynchronizedRootGroup;
			path = Shared;
			sourceTree = "<group>";
		};
		D5D7BB0000000000DEF73902 /* doitActivityWidget */ = {
			isa = PBXFileSystemSynchronizedRootGroup;
			path = doitActivityWidget;
			sourceTree = "<group>";
		};
/* End PBXFileSystemSynchronizedRootGroup section */

/* Begin PBXFrameworksBuildPhase section */
		D5D7BA952FC9038E00DEF739 /* Frameworks */ = {
			isa = PBXFrameworksBuildPhase;
			buildActionMask = 2147483647;
			files = (
				A1000003000000000000000A /* Supabase in Frameworks */,
			);
			runOnlyForDeploymentPostprocessing = 0;
		};
		D5D7BAA22FC9038F00DEF739 /* Frameworks */ = {
			isa = PBXFrameworksBuildPhase;
			buildActionMask = 2147483647;
			files = (
			);
			runOnlyForDeploymentPostprocessing = 0;
		};
		D5D7BAAC2FC9038F00DEF739 /* Frameworks */ = {
			isa = PBXFrameworksBuildPhase;
			buildActionMask = 2147483647;
			files = (
			);
			runOnlyForDeploymentPostprocessing = 0;
		};
		D5D7BB0000000000DEF73921 /* Frameworks */ = {
			isa = PBXFrameworksBuildPhase;
			buildActionMask = 2147483647;
			files = (
			);
			runOnlyForDeploymentPostprocessing = 0;
		};
/* End PBXFrameworksBuildPhase section */

/* Begin PBXGroup section */
		D5D7BA8F2FC9038E00DEF739 = {
			isa = PBXGroup;
			children = (
				D5D7BA9A2FC9038E00DEF739 /* doit */,
				D5D7BB0000000000DEF73901 /* Shared */,
				D5D7BB0000000000DEF73902 /* doitActivityWidget */,
				D5D7BA992FC9038E00DEF739 /* Products */,
			);
			sourceTree = "<group>";
		};
		D5D7BA992FC9038E00DEF739 /* Products */ = {
			isa = PBXGroup;
			children = (
				D5D7BA982FC9038E00DEF739 /* doit.app */,
				D5D7BAA52FC9038F00DEF739 /* doitTests.xctest */,
				D5D7BAAF2FC9038F00DEF739 /* doitUITests.xctest */,
				D5D7BB0000000000DEF73911 /* doitActivityWidgetExtension.appex */,
			);
			name = Products;
			sourceTree = "<group>";
		};
/* End PBXGroup section */

/* Begin PBXNativeTarget section */
		D5D7BA972FC9038E00DEF739 /* doit */ = {
			isa = PBXNativeTarget;
			buildConfigurationList = D5D7BAB92FC9038F00DEF739 /* Build configuration list for PBXNativeTarget "doit" */;
			buildPhases = (
				D5D7BA942FC9038E00DEF739 /* Sources */,
				D5D7BA952FC9038E00DEF739 /* Frameworks */,
				D5D7BA962FC9038E00DEF739 /* Resources */,
				D5D7BB0000000000DEF73923 /* Embed Foundation Extensions */,
			);
			buildRules = (
			);
			dependencies = (
				D5D7BB0000000000DEF73931 /* PBXTargetDependency */,
			);
			fileSystemSynchronizedGroups = (
				D5D7BA9A2FC9038E00DEF739 /* doit */,
				D5D7BB0000000000DEF73901 /* Shared */,
			);
			name = doit;
			packageProductDependencies = (
				A1000002000000000000000A /* Supabase */,
			);
			productName = doit;
			productReference = D5D7BA982FC9038E00DEF739 /* doit.app */;
			productType = "com.apple.product-type.application";
		};
		D5D7BAA42FC9038F00DEF739 /* doitTests */ = {
			isa = PBXNativeTarget;
			buildConfigurationList = D5D7BABC2FC9038F00DEF739 /* Build configuration list for PBXNativeTarget "doitTests" */;
			buildPhases = (
				D5D7BAA12FC9038F00DEF739 /* Sources */,
				D5D7BAA22FC9038F00DEF739 /* Frameworks */,
				D5D7BAA32FC9038F00DEF739 /* Resources */,
			);
			buildRules = (
			);
			dependencies = (
				D5D7BAA72FC9038F00DEF739 /* PBXTargetDependency */,
			);
			name = doitTests;
			packageProductDependencies = (
			);
			productName = doitTests;
			productReference = D5D7BAA52FC9038F00DEF739 /* doitTests.xctest */;
			productType = "com.apple.product-type.bundle.unit-test";
		};
		D5D7BAAE2FC9038F00DEF739 /* doitUITests */ = {
			isa = PBXNativeTarget;
			buildConfigurationList = D5D7BABF2FC9038F00DEF739 /* Build configuration list for PBXNativeTarget "doitUITests" */;
			buildPhases = (
				D5D7BAAB2FC9038F00DEF739 /* Sources */,
				D5D7BAAC2FC9038F00DEF739 /* Frameworks */,
				D5D7BAAD2FC9038F00DEF739 /* Resources */,
			);
			buildRules = (
			);
			dependencies = (
				D5D7BAB12FC9038F00DEF739 /* PBXTargetDependency */,
			);
			name = doitUITests;
			packageProductDependencies = (
			);
			productName = doitUITests;
			productReference = D5D7BAAF2FC9038F00DEF739 /* doitUITests.xctest */;
			productType = "com.apple.product-type.bundle.ui-testing";
		};
		D5D7BB0000000000DEF73910 /* doitActivityWidgetExtension */ = {
			isa = PBXNativeTarget;
			buildConfigurationList = D5D7BB0000000000DEF73952 /* Build configuration list for PBXNativeTarget "doitActivityWidgetExtension" */;
			buildPhases = (
				D5D7BB0000000000DEF73920 /* Sources */,
				D5D7BB0000000000DEF73921 /* Frameworks */,
				D5D7BB0000000000DEF73922 /* Resources */,
			);
			buildRules = (
			);
			dependencies = (
			);
			fileSystemSynchronizedGroups = (
				D5D7BB0000000000DEF73901 /* Shared */,
				D5D7BB0000000000DEF73902 /* doitActivityWidget */,
			);
			name = doitActivityWidgetExtension;
			packageProductDependencies = (
			);
			productName = doitActivityWidgetExtension;
			productReference = D5D7BB0000000000DEF73911 /* doitActivityWidgetExtension.appex */;
			productType = "com.apple.product-type.app-extension";
		};
/* End PBXNativeTarget section */

/* Begin PBXProject section */
		D5D7BA902FC9038E00DEF739 /* Project object */ = {
			isa = PBXProject;
			attributes = {
				BuildIndependentTargetsInParallel = 1;
				LastSwiftUpdateCheck = 2620;
				LastUpgradeCheck = 2620;
				TargetAttributes = {
					D5D7BA972FC9038E00DEF739 = {
						CreatedOnToolsVersion = 26.2;
					};
					D5D7BAA42FC9038F00DEF739 = {
						CreatedOnToolsVersion = 26.2;
						TestTargetID = D5D7BA972FC9038E00DEF739;
					};
					D5D7BAAE2FC9038F00DEF739 = {
						CreatedOnToolsVersion = 26.2;
						TestTargetID = D5D7BA972FC9038E00DEF739;
					};
					D5D7BB0000000000DEF73910 = {
						CreatedOnToolsVersion = 26.2;
					};
				};
			};
			buildConfigurationList = D5D7BA932FC9038E00DEF739 /* Build configuration list for PBXProject "doit" */;
			developmentRegion = en;
			hasScannedForEncodings = 0;
			knownRegions = (
				en,
				Base,
			);
			mainGroup = D5D7BA8F2FC9038E00DEF739;
			minimizedProjectReferenceProxies = 1;
			packageReferences = (
				A1000001000000000000000A /* XCRemoteSwiftPackageReference "supabase-swift" */,
			);
			preferredProjectObjectVersion = 77;
			productRefGroup = D5D7BA992FC9038E00DEF739 /* Products */;
			projectDirPath = "";
			projectRoot = "";
			targets = (
				D5D7BA972FC9038E00DEF739 /* doit */,
				D5D7BB0000000000DEF73910 /* doitActivityWidgetExtension */,
				D5D7BAA42FC9038F00DEF739 /* doitTests */,
				D5D7BAAE2FC9038F00DEF739 /* doitUITests */,
			);
		};
/* End PBXProject section */

/* Begin PBXResourcesBuildPhase section */
		D5D7BA962FC9038E00DEF739 /* Resources */ = {
			isa = PBXResourcesBuildPhase;
			buildActionMask = 2147483647;
			files = (
			);
			runOnlyForDeploymentPostprocessing = 0;
		};
		D5D7BAA32FC9038F00DEF739 /* Resources */ = {
			isa = PBXResourcesBuildPhase;
			buildActionMask = 2147483647;
			files = (
			);
			runOnlyForDeploymentPostprocessing = 0;
		};
		D5D7BAAD2FC9038F00DEF739 /* Resources */ = {
			isa = PBXResourcesBuildPhase;
			buildActionMask = 2147483647;
			files = (
			);
			runOnlyForDeploymentPostprocessing = 0;
		};
		D5D7BB0000000000DEF73922 /* Resources */ = {
			isa = PBXResourcesBuildPhase;
			buildActionMask = 2147483647;
			files = (
			);
			runOnlyForDeploymentPostprocessing = 0;
		};
/* End PBXResourcesBuildPhase section */

/* Begin PBXSourcesBuildPhase section */
		D5D7BA942FC9038E00DEF739 /* Sources */ = {
			isa = PBXSourcesBuildPhase;
			buildActionMask = 2147483647;
			files = (
			);
			runOnlyForDeploymentPostprocessing = 0;
		};
		D5D7BAA12FC9038F00DEF739 /* Sources */ = {
			isa = PBXSourcesBuildPhase;
			buildActionMask = 2147483647;
			files = (
			);
			runOnlyForDeploymentPostprocessing = 0;
		};
		D5D7BAAB2FC9038F00DEF739 /* Sources */ = {
			isa = PBXSourcesBuildPhase;
			buildActionMask = 2147483647;
			files = (
			);
			runOnlyForDeploymentPostprocessing = 0;
		};
		D5D7BB0000000000DEF73920 /* Sources */ = {
			isa = PBXSourcesBuildPhase;
			buildActionMask = 2147483647;
			files = (
			);
			runOnlyForDeploymentPostprocessing = 0;
		};
/* End PBXSourcesBuildPhase section */

/* Begin PBXTargetDependency section */
		D5D7BAA72FC9038F00DEF739 /* PBXTargetDependency */ = {
			isa = PBXTargetDependency;
			target = D5D7BA972FC9038E00DEF739 /* doit */;
			targetProxy = D5D7BAA62FC9038F00DEF739 /* PBXContainerItemProxy */;
		};
		D5D7BAB12FC9038F00DEF739 /* PBXTargetDependency */ = {
			isa = PBXTargetDependency;
			target = D5D7BA972FC9038E00DEF739 /* doit */;
			targetProxy = D5D7BAB02FC9038F00DEF739 /* PBXContainerItemProxy */;
		};
		D5D7BB0000000000DEF73931 /* PBXTargetDependency */ = {
			isa = PBXTargetDependency;
			target = D5D7BB0000000000DEF73910 /* doitActivityWidgetExtension */;
			targetProxy = D5D7BB0000000000DEF73930 /* PBXContainerItemProxy */;
		};
/* End PBXTargetDependency section */

/* Begin XCBuildConfiguration section */
		D5D7BAB72FC9038F00DEF739 /* Debug */ = {
			isa = XCBuildConfiguration;
			buildSettings = {
				ALWAYS_SEARCH_USER_PATHS = NO;
				ASSETCATALOG_COMPILER_GENERATE_SWIFT_ASSET_SYMBOL_EXTENSIONS = YES;
				CLANG_ANALYZER_NONNULL = YES;
				CLANG_ANALYZER_NUMBER_OBJECT_CONVERSION = YES_AGGRESSIVE;
				CLANG_CXX_LANGUAGE_STANDARD = "gnu++20";
				CLANG_ENABLE_MODULES = YES;
				CLANG_ENABLE_OBJC_ARC = YES;
				CLANG_ENABLE_OBJC_WEAK = YES;
				CLANG_WARN_BLOCK_CAPTURE_AUTORELEASING = YES;
				CLANG_WARN_BOOL_CONVERSION = YES;
				CLANG_WARN_COMMA = YES;
				CLANG_WARN_CONSTANT_CONVERSION = YES;
				CLANG_WARN_DEPRECATED_OBJC_IMPLEMENTATIONS = YES;
				CLANG_WARN_DIRECT_OBJC_ISA_USAGE = YES_ERROR;
				CLANG_WARN_DOCUMENTATION_COMMENTS = YES;
				CLANG_WARN_EMPTY_BODY = YES;
				CLANG_WARN_ENUM_CONVERSION = YES;
				CLANG_WARN_INFINITE_RECURSION = YES;
				CLANG_WARN_INT_CONVERSION = YES;
				CLANG_WARN_NON_LITERAL_NULL_CONVERSION = YES;
				CLANG_WARN_OBJC_IMPLICIT_RETAIN_SELF = YES;
				CLANG_WARN_OBJC_LITERAL_CONVERSION = YES;
				CLANG_WARN_OBJC_ROOT_CLASS = YES_ERROR;
				CLANG_WARN_QUOTED_INCLUDE_IN_FRAMEWORK_HEADER = YES;
				CLANG_WARN_RANGE_LOOP_ANALYSIS = YES;
				CLANG_WARN_STRICT_PROTOTYPES = YES;
				CLANG_WARN_SUSPICIOUS_MOVE = YES;
				CLANG_WARN_UNGUARDED_AVAILABILITY = YES_AGGRESSIVE;
				CLANG_WARN_UNREACHABLE_CODE = YES;
				CLANG_WARN__DUPLICATE_METHOD_MATCH = YES;
				COPY_PHASE_STRIP = NO;
				DEBUG_INFORMATION_FORMAT = dwarf;
				DEVELOPMENT_TEAM = 433N42F295;
				ENABLE_STRICT_OBJC_MSGSEND = YES;
				ENABLE_TESTABILITY = YES;
				ENABLE_USER_SCRIPT_SANDBOXING = YES;
				GCC_C_LANGUAGE_STANDARD = gnu17;
				GCC_DYNAMIC_NO_PIC = NO;
				GCC_NO_COMMON_BLOCKS = YES;
				GCC_OPTIMIZATION_LEVEL = 0;
				GCC_PREPROCESSOR_DEFINITIONS = (
					"DEBUG=1",
					"$(inherited)",
				);
				GCC_WARN_64_TO_32_BIT_CONVERSION = YES;
				GCC_WARN_ABOUT_RETURN_TYPE = YES_ERROR;
				GCC_WARN_UNDECLARED_SELECTOR = YES;
				GCC_WARN_UNINITIALIZED_AUTOS = YES_AGGRESSIVE;
				GCC_WARN_UNUSED_FUNCTION = YES;
				GCC_WARN_UNUSED_VARIABLE = YES;
				IPHONEOS_DEPLOYMENT_TARGET = 26.2;
				LOCALIZATION_PREFERS_STRING_CATALOGS = YES;
				MTL_ENABLE_DEBUG_INFO = INCLUDE_SOURCE;
				MTL_FAST_MATH = YES;
				ONLY_ACTIVE_ARCH = YES;
				SDKROOT = iphoneos;
				SWIFT_ACTIVE_COMPILATION_CONDITIONS = "DEBUG $(inherited)";
				SWIFT_OPTIMIZATION_LEVEL = "-Onone";
			};
			name = Debug;
		};
		D5D7BAB82FC9038F00DEF739 /* Release */ = {
			isa = XCBuildConfiguration;
			buildSettings = {
				ALWAYS_SEARCH_USER_PATHS = NO;
				ASSETCATALOG_COMPILER_GENERATE_SWIFT_ASSET_SYMBOL_EXTENSIONS = YES;
				CLANG_ANALYZER_NONNULL = YES;
				CLANG_ANALYZER_NUMBER_OBJECT_CONVERSION = YES_AGGRESSIVE;
				CLANG_CXX_LANGUAGE_STANDARD = "gnu++20";
				CLANG_ENABLE_MODULES = YES;
				CLANG_ENABLE_OBJC_ARC = YES;
				CLANG_ENABLE_OBJC_WEAK = YES;
				CLANG_WARN_BLOCK_CAPTURE_AUTORELEASING = YES;
				CLANG_WARN_BOOL_CONVERSION = YES;
				CLANG_WARN_COMMA = YES;
				CLANG_WARN_CONSTANT_CONVERSION = YES;
				CLANG_WARN_DEPRECATED_OBJC_IMPLEMENTATIONS = YES;
				CLANG_WARN_DIRECT_OBJC_ISA_USAGE = YES_ERROR;
				CLANG_WARN_DOCUMENTATION_COMMENTS = YES;
				CLANG_WARN_EMPTY_BODY = YES;
				CLANG_WARN_ENUM_CONVERSION = YES;
				CLANG_WARN_INFINITE_RECURSION = YES;
				CLANG_WARN_INT_CONVERSION = YES;
				CLANG_WARN_NON_LITERAL_NULL_CONVERSION = YES;
				CLANG_WARN_OBJC_IMPLICIT_RETAIN_SELF = YES;
				CLANG_WARN_OBJC_LITERAL_CONVERSION = YES;
				CLANG_WARN_OBJC_ROOT_CLASS = YES_ERROR;
				CLANG_WARN_QUOTED_INCLUDE_IN_FRAMEWORK_HEADER = YES;
				CLANG_WARN_RANGE_LOOP_ANALYSIS = YES;
				CLANG_WARN_STRICT_PROTOTYPES = YES;
				CLANG_WARN_SUSPICIOUS_MOVE = YES;
				CLANG_WARN_UNGUARDED_AVAILABILITY = YES_AGGRESSIVE;
				CLANG_WARN_UNREACHABLE_CODE = YES;
				CLANG_WARN__DUPLICATE_METHOD_MATCH = YES;
				COPY_PHASE_STRIP = NO;
				DEBUG_INFORMATION_FORMAT = "dwarf-with-dsym";
				DEVELOPMENT_TEAM = 433N42F295;
				ENABLE_NS_ASSERTIONS = NO;
				ENABLE_STRICT_OBJC_MSGSEND = YES;
				ENABLE_USER_SCRIPT_SANDBOXING = YES;
				GCC_C_LANGUAGE_STANDARD = gnu17;
				GCC_NO_COMMON_BLOCKS = YES;
				GCC_WARN_64_TO_32_BIT_CONVERSION = YES;
				GCC_WARN_ABOUT_RETURN_TYPE = YES_ERROR;
				GCC_WARN_UNDECLARED_SELECTOR = YES;
				GCC_WARN_UNINITIALIZED_AUTOS = YES_AGGRESSIVE;
				GCC_WARN_UNUSED_FUNCTION = YES;
				GCC_WARN_UNUSED_VARIABLE = YES;
				IPHONEOS_DEPLOYMENT_TARGET = 26.2;
				LOCALIZATION_PREFERS_STRING_CATALOGS = YES;
				MTL_ENABLE_DEBUG_INFO = NO;
				MTL_FAST_MATH = YES;
				SDKROOT = iphoneos;
				SWIFT_COMPILATION_MODE = wholemodule;
				VALIDATE_PRODUCT = YES;
			};
			name = Release;
		};
		D5D7BABA2FC9038F00DEF739 /* Debug */ = {
			isa = XCBuildConfiguration;
			buildSettings = {
				ASSETCATALOG_COMPILER_APPICON_NAME = AppIcon;
				ASSETCATALOG_COMPILER_GLOBAL_ACCENT_COLOR_NAME = AccentColor;
				CODE_SIGN_ENTITLEMENTS = doit/doit.entitlements;
				CODE_SIGN_IDENTITY = "Apple Development";
				CODE_SIGN_STYLE = Automatic;
				CURRENT_PROJECT_VERSION = 3;
				DEVELOPMENT_TEAM = 433N42F295;
				ENABLE_PREVIEWS = YES;
				GENERATE_INFOPLIST_FILE = YES;
				INFOPLIST_KEY_NSCameraUsageDescription = "doit uses the camera to attach photos to your tasks.";
				INFOPLIST_KEY_NSLocationWhenInUseUsageDescription = "doit uses your location to suggest nearby tasks and automations.";
				INFOPLIST_KEY_NSMicrophoneUsageDescription = "doit uses the microphone to capture voice notes that we transcribe into your task.";
				INFOPLIST_KEY_NSPhotoLibraryUsageDescription = "doit attaches selected photos to your tasks.";
				INFOPLIST_KEY_NSSupportsLiveActivities = YES;
				INFOPLIST_KEY_NSSupportsLiveActivitiesFrequentUpdates = YES;
				INFOPLIST_KEY_UIApplicationSceneManifest_Generation = YES;
				INFOPLIST_KEY_UIApplicationSupportsIndirectInputEvents = YES;
				INFOPLIST_KEY_UIBackgroundModes = "remote-notification";
				INFOPLIST_KEY_UILaunchScreen_Generation = YES;
				INFOPLIST_KEY_UISupportedInterfaceOrientations_iPad = "UIInterfaceOrientationPortrait UIInterfaceOrientationPortraitUpsideDown UIInterfaceOrientationLandscapeLeft UIInterfaceOrientationLandscapeRight";
				INFOPLIST_KEY_UISupportedInterfaceOrientations_iPhone = "UIInterfaceOrientationPortrait UIInterfaceOrientationLandscapeLeft UIInterfaceOrientationLandscapeRight";
				LD_RUNPATH_SEARCH_PATHS = (
					"$(inherited)",
					"@executable_path/Frameworks",
				);
				MARKETING_VERSION = 1.0;
				PRODUCT_BUNDLE_IDENTIFIER = com.newmaterial.doit;
				PRODUCT_NAME = "$(TARGET_NAME)";
				PROVISIONING_PROFILE_SPECIFIER = "";
				STRING_CATALOG_GENERATE_SYMBOLS = YES;
				SWIFT_APPROACHABLE_CONCURRENCY = YES;
				SWIFT_DEFAULT_ACTOR_ISOLATION = MainActor;
				SWIFT_EMIT_LOC_STRINGS = YES;
				SWIFT_UPCOMING_FEATURE_MEMBER_IMPORT_VISIBILITY = YES;
				SWIFT_VERSION = 5.0;
				TARGETED_DEVICE_FAMILY = "1,2";
			};
			name = Debug;
		};
		D5D7BABB2FC9038F00DEF739 /* Release */ = {
			isa = XCBuildConfiguration;
			buildSettings = {
				ASSETCATALOG_COMPILER_APPICON_NAME = AppIcon;
				ASSETCATALOG_COMPILER_GLOBAL_ACCENT_COLOR_NAME = AccentColor;
				CODE_SIGN_ENTITLEMENTS = doit/doit.entitlements;
				CODE_SIGN_IDENTITY = "Apple Development";
				CODE_SIGN_STYLE = Automatic;
				CURRENT_PROJECT_VERSION = 3;
				DEVELOPMENT_TEAM = 433N42F295;
				ENABLE_PREVIEWS = YES;
				GENERATE_INFOPLIST_FILE = YES;
				INFOPLIST_KEY_NSCameraUsageDescription = "doit uses the camera to attach photos to your tasks.";
				INFOPLIST_KEY_NSLocationWhenInUseUsageDescription = "doit uses your location to suggest nearby tasks and automations.";
				INFOPLIST_KEY_NSMicrophoneUsageDescription = "doit uses the microphone to capture voice notes that we transcribe into your task.";
				INFOPLIST_KEY_NSPhotoLibraryUsageDescription = "doit attaches selected photos to your tasks.";
				INFOPLIST_KEY_NSSupportsLiveActivities = YES;
				INFOPLIST_KEY_NSSupportsLiveActivitiesFrequentUpdates = YES;
				INFOPLIST_KEY_UIApplicationSceneManifest_Generation = YES;
				INFOPLIST_KEY_UIApplicationSupportsIndirectInputEvents = YES;
				INFOPLIST_KEY_UIBackgroundModes = "remote-notification";
				INFOPLIST_KEY_UILaunchScreen_Generation = YES;
				INFOPLIST_KEY_UISupportedInterfaceOrientations_iPad = "UIInterfaceOrientationPortrait UIInterfaceOrientationPortraitUpsideDown UIInterfaceOrientationLandscapeLeft UIInterfaceOrientationLandscapeRight";
				INFOPLIST_KEY_UISupportedInterfaceOrientations_iPhone = "UIInterfaceOrientationPortrait UIInterfaceOrientationLandscapeLeft UIInterfaceOrientationLandscapeRight";
				LD_RUNPATH_SEARCH_PATHS = (
					"$(inherited)",
					"@executable_path/Frameworks",
				);
				MARKETING_VERSION = 1.0;
				PRODUCT_BUNDLE_IDENTIFIER = com.newmaterial.doit;
				PRODUCT_NAME = "$(TARGET_NAME)";
				PROVISIONING_PROFILE_SPECIFIER = "";
				STRING_CATALOG_GENERATE_SYMBOLS = YES;
				SWIFT_APPROACHABLE_CONCURRENCY = YES;
				SWIFT_DEFAULT_ACTOR_ISOLATION = MainActor;
				SWIFT_EMIT_LOC_STRINGS = YES;
				SWIFT_UPCOMING_FEATURE_MEMBER_IMPORT_VISIBILITY = YES;
				SWIFT_VERSION = 5.0;
				TARGETED_DEVICE_FAMILY = "1,2";
			};
			name = Release;
		};
		D5D7BABD2FC9038F00DEF739 /* Debug */ = {
			isa = XCBuildConfiguration;
			buildSettings = {
				BUNDLE_LOADER = "$(TEST_HOST)";
				CODE_SIGN_STYLE = Automatic;
				CURRENT_PROJECT_VERSION = 1;
				DEVELOPMENT_TEAM = 433N42F295;
				GENERATE_INFOPLIST_FILE = YES;
				IPHONEOS_DEPLOYMENT_TARGET = 26.2;
				MARKETING_VERSION = 1.0;
				PRODUCT_BUNDLE_IDENTIFIER = com.newmaterial.doitTests;
				PRODUCT_NAME = "$(TARGET_NAME)";
				STRING_CATALOG_GENERATE_SYMBOLS = NO;
				SWIFT_APPROACHABLE_CONCURRENCY = YES;
				SWIFT_EMIT_LOC_STRINGS = NO;
				SWIFT_UPCOMING_FEATURE_MEMBER_IMPORT_VISIBILITY = YES;
				SWIFT_VERSION = 5.0;
				TARGETED_DEVICE_FAMILY = "1,2";
				TEST_HOST = "$(BUILT_PRODUCTS_DIR)/doit.app/$(BUNDLE_EXECUTABLE_FOLDER_PATH)/doit";
			};
			name = Debug;
		};
		D5D7BABE2FC9038F00DEF739 /* Release */ = {
			isa = XCBuildConfiguration;
			buildSettings = {
				BUNDLE_LOADER = "$(TEST_HOST)";
				CODE_SIGN_STYLE = Automatic;
				CURRENT_PROJECT_VERSION = 1;
				DEVELOPMENT_TEAM = 433N42F295;
				GENERATE_INFOPLIST_FILE = YES;
				IPHONEOS_DEPLOYMENT_TARGET = 26.2;
				MARKETING_VERSION = 1.0;
				PRODUCT_BUNDLE_IDENTIFIER = com.newmaterial.doitTests;
				PRODUCT_NAME = "$(TARGET_NAME)";
				STRING_CATALOG_GENERATE_SYMBOLS = NO;
				SWIFT_APPROACHABLE_CONCURRENCY = YES;
				SWIFT_EMIT_LOC_STRINGS = NO;
				SWIFT_UPCOMING_FEATURE_MEMBER_IMPORT_VISIBILITY = YES;
				SWIFT_VERSION = 5.0;
				TARGETED_DEVICE_FAMILY = "1,2";
				TEST_HOST = "$(BUILT_PRODUCTS_DIR)/doit.app/$(BUNDLE_EXECUTABLE_FOLDER_PATH)/doit";
			};
			name = Release;
		};
		D5D7BAC02FC9038F00DEF739 /* Debug */ = {
			isa = XCBuildConfiguration;
			buildSettings = {
				CODE_SIGN_STYLE = Automatic;
				CURRENT_PROJECT_VERSION = 1;
				DEVELOPMENT_TEAM = 433N42F295;
				GENERATE_INFOPLIST_FILE = YES;
				MARKETING_VERSION = 1.0;
				PRODUCT_BUNDLE_IDENTIFIER = com.newmaterial.doitUITests;
				PRODUCT_NAME = "$(TARGET_NAME)";
				STRING_CATALOG_GENERATE_SYMBOLS = NO;
				SWIFT_APPROACHABLE_CONCURRENCY = YES;
				SWIFT_EMIT_LOC_STRINGS = NO;
				SWIFT_UPCOMING_FEATURE_MEMBER_IMPORT_VISIBILITY = YES;
				SWIFT_VERSION = 5.0;
				TARGETED_DEVICE_FAMILY = "1,2";
				TEST_TARGET_NAME = doit;
			};
			name = Debug;
		};
		D5D7BAC12FC9038F00DEF739 /* Release */ = {
			isa = XCBuildConfiguration;
			buildSettings = {
				CODE_SIGN_STYLE = Automatic;
				CURRENT_PROJECT_VERSION = 1;
				DEVELOPMENT_TEAM = 433N42F295;
				GENERATE_INFOPLIST_FILE = YES;
				MARKETING_VERSION = 1.0;
				PRODUCT_BUNDLE_IDENTIFIER = com.newmaterial.doitUITests;
				PRODUCT_NAME = "$(TARGET_NAME)";
				STRING_CATALOG_GENERATE_SYMBOLS = NO;
				SWIFT_APPROACHABLE_CONCURRENCY = YES;
				SWIFT_EMIT_LOC_STRINGS = NO;
				SWIFT_UPCOMING_FEATURE_MEMBER_IMPORT_VISIBILITY = YES;
				SWIFT_VERSION = 5.0;
				TARGETED_DEVICE_FAMILY = "1,2";
				TEST_TARGET_NAME = doit;
			};
			name = Release;
		};
		D5D7BB0000000000DEF73950 /* Debug */ = {
			isa = XCBuildConfiguration;
			buildSettings = {
				ASSETCATALOG_COMPILER_GENERATE_SWIFT_ASSET_SYMBOL_EXTENSIONS = YES;
				CLANG_ANALYZER_NONNULL = YES;
				CLANG_CXX_LANGUAGE_STANDARD = "gnu++20";
				CLANG_ENABLE_MODULES = YES;
				CLANG_ENABLE_OBJC_ARC = YES;
				CLANG_ENABLE_OBJC_WEAK = YES;
				CODE_SIGN_STYLE = Automatic;
				CURRENT_PROJECT_VERSION = 1;
				DEBUG_INFORMATION_FORMAT = dwarf;
				DEVELOPMENT_TEAM = 433N42F295;
				GENERATE_INFOPLIST_FILE = NO;
				INFOPLIST_FILE = doitActivityWidgetInfo.plist;
				IPHONEOS_DEPLOYMENT_TARGET = 26.2;
				LD_RUNPATH_SEARCH_PATHS = (
					"$(inherited)",
					"@executable_path/Frameworks",
					"@executable_path/../../Frameworks",
				);
				MARKETING_VERSION = 0.01;
				PRODUCT_BUNDLE_IDENTIFIER = com.newmaterial.doit.doitActivityWidget;
				PRODUCT_NAME = "$(TARGET_NAME)";
				SKIP_INSTALL = YES;
				STRING_CATALOG_GENERATE_SYMBOLS = YES;
				SWIFT_EMIT_LOC_STRINGS = YES;
				SWIFT_VERSION = 5.0;
				TARGETED_DEVICE_FAMILY = "1,2";
			};
			name = Debug;
		};
		D5D7BB0000000000DEF73951 /* Release */ = {
			isa = XCBuildConfiguration;
			buildSettings = {
				ASSETCATALOG_COMPILER_GENERATE_SWIFT_ASSET_SYMBOL_EXTENSIONS = YES;
				CLANG_ANALYZER_NONNULL = YES;
				CLANG_CXX_LANGUAGE_STANDARD = "gnu++20";
				CLANG_ENABLE_MODULES = YES;
				CLANG_ENABLE_OBJC_ARC = YES;
				CLANG_ENABLE_OBJC_WEAK = YES;
				CODE_SIGN_STYLE = Automatic;
				CURRENT_PROJECT_VERSION = 1;
				DEBUG_INFORMATION_FORMAT = "dwarf-with-dsym";
				DEVELOPMENT_TEAM = 433N42F295;
				GENERATE_INFOPLIST_FILE = NO;
				INFOPLIST_FILE = doitActivityWidgetInfo.plist;
				IPHONEOS_DEPLOYMENT_TARGET = 26.2;
				LD_RUNPATH_SEARCH_PATHS = (
					"$(inherited)",
					"@executable_path/Frameworks",
					"@executable_path/../../Frameworks",
				);
				MARKETING_VERSION = 0.01;
				PRODUCT_BUNDLE_IDENTIFIER = com.newmaterial.doit.doitActivityWidget;
				PRODUCT_NAME = "$(TARGET_NAME)";
				SKIP_INSTALL = YES;
				STRING_CATALOG_GENERATE_SYMBOLS = YES;
				SWIFT_EMIT_LOC_STRINGS = YES;
				SWIFT_VERSION = 5.0;
				TARGETED_DEVICE_FAMILY = "1,2";
			};
			name = Release;
		};
/* End XCBuildConfiguration section */

/* Begin XCConfigurationList section */
		D5D7BA932FC9038E00DEF739 /* Build configuration list for PBXProject "doit" */ = {
			isa = XCConfigurationList;
			buildConfigurations = (
				D5D7BAB72FC9038F00DEF739 /* Debug */,
				D5D7BAB82FC9038F00DEF739 /* Release */,
			);
			defaultConfigurationIsVisible = 0;
			defaultConfigurationName = Release;
		};
		D5D7BAB92FC9038F00DEF739 /* Build configuration list for PBXNativeTarget "doit" */ = {
			isa = XCConfigurationList;
			buildConfigurations = (
				D5D7BABA2FC9038F00DEF739 /* Debug */,
				D5D7BABB2FC9038F00DEF739 /* Release */,
			);
			defaultConfigurationIsVisible = 0;
			defaultConfigurationName = Release;
		};
		D5D7BABC2FC9038F00DEF739 /* Build configuration list for PBXNativeTarget "doitTests" */ = {
			isa = XCConfigurationList;
			buildConfigurations = (
				D5D7BABD2FC9038F00DEF739 /* Debug */,
				D5D7BABE2FC9038F00DEF739 /* Release */,
			);
			defaultConfigurationIsVisible = 0;
			defaultConfigurationName = Release;
		};
		D5D7BABF2FC9038F00DEF739 /* Build configuration list for PBXNativeTarget "doitUITests" */ = {
			isa = XCConfigurationList;
			buildConfigurations = (
				D5D7BAC02FC9038F00DEF739 /* Debug */,
				D5D7BAC12FC9038F00DEF739 /* Release */,
			);
			defaultConfigurationIsVisible = 0;
			defaultConfigurationName = Release;
		};
		D5D7BB0000000000DEF73952 /* Build configuration list for PBXNativeTarget "doitActivityWidgetExtension" */ = {
			isa = XCConfigurationList;
			buildConfigurations = (
				D5D7BB0000000000DEF73950 /* Debug */,
				D5D7BB0000000000DEF73951 /* Release */,
			);
			defaultConfigurationIsVisible = 0;
			defaultConfigurationName = Release;
		};
/* End XCConfigurationList section */

/* Begin XCRemoteSwiftPackageReference section */
		A1000001000000000000000A /* XCRemoteSwiftPackageReference "supabase-swift" */ = {
			isa = XCRemoteSwiftPackageReference;
			repositoryURL = "https://github.com/supabase/supabase-swift";
			requirement = {
				kind = upToNextMajorVersion;
				minimumVersion = 2.20.0;
			};
		};
/* End XCRemoteSwiftPackageReference section */

/* Begin XCSwiftPackageProductDependency section */
		A1000002000000000000000A /* Supabase */ = {
			isa = XCSwiftPackageProductDependency;
			package = A1000001000000000000000A /* XCRemoteSwiftPackageReference "supabase-swift" */;
			productName = Supabase;
		};
/* End XCSwiftPackageProductDependency section */
	};
	rootObject = D5D7BA902FC9038E00DEF739 /* Project object */;
}
